<Solution>
  <Folder Name="/Solution Items/">
    <File Path=".editorconfig" />
    <File Path="Directory.Build.props" />
    <File Path="Directory.Build.targets" />
    <File Path="New-ModScript.ps1" />
    <File Path="README.md" />
    <File Path="docs/README.md" />
  </Folder>
  <Project Path="ModGuide/ModGuide.csproj" />
  <Project Path="Samples/Samples.csproj" />
</Solution>
